
Microsoft Visual Studio Solution File, Format Version 12.00
Project("{FAE04EC0-301F-11D3-BF4B-00C04F79EFBC}") = "SimpleCommandParser", "SimpleCommandParser\SimpleCommandParser.csproj", "{234221A5-6782-47CF-AA1B-57E46F641188}"
EndProject
Project("{FAE04EC0-301F-11D3-BF4B-00C04F79EFBC}") = "SimpleCommandParser.Examples", "SimpleCommandParser.Examples\SimpleCommandParser.Examples.csproj", "{D55FDA7F-F645-4E42-B96F-21E398008F80}"
EndProject
Project("{FAE04EC0-301F-11D3-BF4B-00C04F79EFBC}") = "SimpleCommandParser.Tests", "SimpleCommandParser.Tests\SimpleCommandParser.Tests.csproj", "{5F81EC1D-33B5-4FCD-A680-BFAA80A929F0}"
EndProject
Global
	GlobalSection(SolutionConfigurationPlatforms) = preSolution
		Debug|Any CPU = Debug|Any CPU
		Release|Any CPU = Release|Any CPU
	EndGlobalSection
	GlobalSection(ProjectConfigurationPlatforms) = postSolution
		{234221A5-6782-47CF-AA1B-57E46F641188}.Debug|Any CPU.ActiveCfg = Debug|Any CPU
		{234221A5-6782-47CF-AA1B-57E46F641188}.Debug|Any CPU.Build.0 = Debug|Any CPU
		{234221A5-6782-47CF-AA1B-57E46F641188}.Release|Any CPU.ActiveCfg = Release|Any CPU
		{234221A5-6782-47CF-AA1B-57E46F641188}.Release|Any CPU.Build.0 = Release|Any CPU
		{D55FDA7F-F645-4E42-B96F-21E398008F80}.Debug|Any CPU.ActiveCfg = Debug|Any CPU
		{D55FDA7F-F645-4E42-B96F-21E398008F80}.Debug|Any CPU.Build.0 = Debug|Any CPU
		{D55FDA7F-F645-4E42-B96F-21E398008F80}.Release|Any CPU.ActiveCfg = Release|Any CPU
		{D55FDA7F-F645-4E42-B96F-21E398008F80}.Release|Any CPU.Build.0 = Release|Any CPU
		{5F81EC1D-33B5-4FCD-A680-BFAA80A929F0}.Debug|Any CPU.ActiveCfg = Debug|Any CPU
		{5F81EC1D-33B5-4FCD-A680-BFAA80A929F0}.Debug|Any CPU.Build.0 = Debug|Any CPU
		{5F81EC1D-33B5-4FCD-A680-BFAA80A929F0}.Release|Any CPU.ActiveCfg = Release|Any CPU
		{5F81EC1D-33B5-4FCD-A680-BFAA80A929F0}.Release|Any CPU.Build.0 = Release|Any CPU
	EndGlobalSection
EndGlobal
